
Microsoft Visual Studio Solution File, Format Version 12.00
# Visual Studio Version 17
VisualStudioVersion = 17.0.32014.148
MinimumVisualStudioVersion = 10.0.40219.1
Project("{FAE04EC0-301F-11D3-BF4B-00C04F79EFBC}") = "MathPrimitivesLibrary", "MathPrimitivesLibrary\MathPrimitivesLibrary.csproj", "{E000E00F-9AFF-4B31-A547-1A799F529EDA}"
EndProject
Global
	GlobalSection(SolutionConfigurationPlatforms) = preSolution
		Debug|Any CPU = Debug|Any CPU
		Release|Any CPU = Release|Any CPU
	EndGlobalSection
	GlobalSection(ProjectConfigurationPlatforms) = postSolution
		{E000E00F-9AFF-4B31-A547-1A799F529EDA}.Debug|Any CPU.ActiveCfg = Debug|Any CPU
		{E000E00F-9AFF-4B31-A547-1A799F529EDA}.Debug|Any CPU.Build.0 = Debug|Any CPU
		{E000E00F-9AFF-4B31-A547-1A799F529EDA}.Release|Any CPU.ActiveCfg = Release|Any CPU
		{E000E00F-9AFF-4B31-A547-1A799F529EDA}.Release|Any CPU.Build.0 = Release|Any CPU
	EndGlobalSection
	GlobalSection(SolutionProperties) = preSolution
		HideSolutionNode = FALSE
	EndGlobalSection
	GlobalSection(ExtensibilityGlobals) = postSolution
		SolutionGuid = {61B8DBE4-C79C-4EE2-A40C-F7590D15D581}
	EndGlobalSection
EndGlobal
